{
  "name": "apollo",
  "lockfileVersion": 2,
  "requires": true,
  "packages": {
    "": {
      "dependencies": {
        "ngx-doc-viewer": "^14.0.0",
        "ngx-mat-select-search": "^6.0.0",
        "take": "^0.1.0",
        "take-until": "github:jb55/take-until"
      }
    },
    "node_modules/async": {
      "version": "0.9.2",
      "resolved": "https://registry.npmjs.org/async/-/async-0.9.2.tgz",
      "integrity": "sha512-l6ToIJIotphWahxxHyzK9bnLR6kM4jJIIgLShZeqLY7iboHoGkdgFl7W2/Ivi4SkMJYGKqW8vSuk0uKUj6qsSw=="
    },
    "node_modules/docviewhelper": {
      "version": "0.0.1",
      "resolved": "https://registry.npmjs.org/docviewhelper/-/docviewhelper-0.0.1.tgz",
      "integrity": "sha512-tPIhveeYVZ3nQsg8qXuV7WUwx8w9iNR53iBQtRdZ0zQbbyHiIDgQfmVxvQTC7FrVsIiaIxQ2QYEUcb9wcYhBNQ=="
    },
    "node_modules/ngx-doc-viewer": {
      "version": "14.0.0",
      "resolved": "https://registry.npmjs.org/ngx-doc-viewer/-/ngx-doc-viewer-14.0.0.tgz",
      "integrity": "sha512-obKoFk8jqbIRs4PkjJIPpAPORtGRh/qikwTwaCYfJzV2FkZ8lx1lCrKCclmQjdmvG90nTp7XGK2YxcH2WWIAMA==",
      "funding": [
        {
          "type": "individual",
          "url": "https://www.patreon.com/marcelh1983"
        },
        {
          "type": "individual",
          "url": "https://www.buymeacoffee.com/marcelh1983"
        }
      ],
      "dependencies": {
        "docviewhelper": ">= 0.0.1",
        "tslib": "^2.3.0"
      },
      "peerDependencies": {
        "@angular/common": ">= 10.0.0",
        "@angular/core": ">= 10.0.0",
        "@angular/platform-browser": ">= 10.0.0"
      }
    },
    "node_modules/ngx-mat-select-search": {
      "version": "6.0.0",
      "resolved": "https://registry.npmjs.org/ngx-mat-select-search/-/ngx-mat-select-search-6.0.0.tgz",
      "integrity": "sha512-arrWZg2N/Pv3hCE2EV0qj3rqEUKImntmhW8qvo/aYxeN9iWPsseOpokcfMeC9I/SrLrqQFdfyPgHOgB9DqF2Hw==",
      "dependencies": {
        "tslib": "^2.4.0"
      },
      "peerDependencies": {
        "@angular/material": "^15.0.0"
      }
    },
    "node_modules/take": {
      "version": "0.1.0",
      "resolved": "https://registry.npmjs.org/take/-/take-0.1.0.tgz",
      "integrity": "sha512-hxQ7FmqoNOQDgtq+d/dUYsHrSTqjYDrU7F5xRrKBkkZ4M9f2ecjXpKaKZAi3b6L37lEMdV5yiqZQwhHTsaSezQ==",
      "dependencies": {
        "async": "^0.9.0"
      },
      "bin": {
        "take": "take.js"
      }
    },
    "node_modules/take-until": {
      "version": "0.1.0",
      "resolved": "git+ssh://git@github.com/jb55/take-until.git#867838bbf519cc405bd61ee801097e5a76846c96"
    },
    "node_modules/tslib": {
      "version": "2.4.1",
      "resolved": "https://registry.npmjs.org/tslib/-/tslib-2.4.1.tgz",
      "integrity": "sha512-tGyy4dAjRIEwI7BzsB0lynWgOpfqjUdq91XXAlIWD2OwKBH7oCl/GZG/HT4BOHrTlPMOASlMQ7veyTqpmRcrNA=="
    }
  },
  "dependencies": {
    "async": {
      "version": "0.9.2",
      "resolved": "https://registry.npmjs.org/async/-/async-0.9.2.tgz",
      "integrity": "sha512-l6ToIJIotphWahxxHyzK9bnLR6kM4jJIIgLShZeqLY7iboHoGkdgFl7W2/Ivi4SkMJYGKqW8vSuk0uKUj6qsSw=="
    },
    "docviewhelper": {
      "version": "0.0.1",
      "resolved": "https://registry.npmjs.org/docviewhelper/-/docviewhelper-0.0.1.tgz",
      "integrity": "sha512-tPIhveeYVZ3nQsg8qXuV7WUwx8w9iNR53iBQtRdZ0zQbbyHiIDgQfmVxvQTC7FrVsIiaIxQ2QYEUcb9wcYhBNQ=="
    },
    "ngx-doc-viewer": {
      "version": "14.0.0",
      "resolved": "https://registry.npmjs.org/ngx-doc-viewer/-/ngx-doc-viewer-14.0.0.tgz",
      "integrity": "sha512-obKoFk8jqbIRs4PkjJIPpAPORtGRh/qikwTwaCYfJzV2FkZ8lx1lCrKCclmQjdmvG90nTp7XGK2YxcH2WWIAMA==",
      "requires": {
        "docviewhelper": ">= 0.0.1",
        "tslib": "^2.3.0"
      }
    },
    "ngx-mat-select-search": {
      "version": "6.0.0",
      "resolved": "https://registry.npmjs.org/ngx-mat-select-search/-/ngx-mat-select-search-6.0.0.tgz",
      "integrity": "sha512-arrWZg2N/Pv3hCE2EV0qj3rqEUKImntmhW8qvo/aYxeN9iWPsseOpokcfMeC9I/SrLrqQFdfyPgHOgB9DqF2Hw==",
      "requires": {
        "tslib": "^2.4.0"
      }
    },
    "take": {
      "version": "0.1.0",
      "resolved": "https://registry.npmjs.org/take/-/take-0.1.0.tgz",
      "integrity": "sha512-hxQ7FmqoNOQDgtq+d/dUYsHrSTqjYDrU7F5xRrKBkkZ4M9f2ecjXpKaKZAi3b6L37lEMdV5yiqZQwhHTsaSezQ==",
      "requires": {
        "async": "^0.9.0"
      }
    },
    "take-until": {
      "version": "git+ssh://git@github.com/jb55/take-until.git#867838bbf519cc405bd61ee801097e5a76846c96",
      "from": "take-until@github:jb55/take-until"
    },
    "tslib": {
      "version": "2.4.1",
      "resolved": "https://registry.npmjs.org/tslib/-/tslib-2.4.1.tgz",
      "integrity": "sha512-tGyy4dAjRIEwI7BzsB0lynWgOpfqjUdq91XXAlIWD2OwKBH7oCl/GZG/HT4BOHrTlPMOASlMQ7veyTqpmRcrNA=="
    }
  }
}
