{
  "name": "apollo",
  "lockfileVersion": 2,
  "requires": true,
  "packages": {
    "": {
      "dependencies": {
        "ngx-doc-viewer": "^14.0.0"
      }
    },
    "node_modules/docviewhelper": {
      "version": "0.0.1",
      "resolved": "https://registry.npmjs.org/docviewhelper/-/docviewhelper-0.0.1.tgz",
      "integrity": "sha512-tPIhveeYVZ3nQsg8qXuV7WUwx8w9iNR53iBQtRdZ0zQbbyHiIDgQfmVxvQTC7FrVsIiaIxQ2QYEUcb9wcYhBNQ=="
    },
    "node_modules/ngx-doc-viewer": {
      "version": "14.0.0",
      "resolved": "https://registry.npmjs.org/ngx-doc-viewer/-/ngx-doc-viewer-14.0.0.tgz",
      "integrity": "sha512-obKoFk8jqbIRs4PkjJIPpAPORtGRh/qikwTwaCYfJzV2FkZ8lx1lCrKCclmQjdmvG90nTp7XGK2YxcH2WWIAMA==",
      "funding": [
        {
          "type": "individual",
          "url": "https://www.patreon.com/marcelh1983"
        },
        {
          "type": "individual",
          "url": "https://www.buymeacoffee.com/marcelh1983"
        }
      ],
      "dependencies": {
        "docviewhelper": ">= 0.0.1",
        "tslib": "^2.3.0"
      },
      "peerDependencies": {
        "@angular/common": ">= 10.0.0",
        "@angular/core": ">= 10.0.0",
        "@angular/platform-browser": ">= 10.0.0"
      }
    },
    "node_modules/tslib": {
      "version": "2.3.1",
      "resolved": "https://registry.npmjs.org/tslib/-/tslib-2.3.1.tgz",
      "integrity": "sha512-77EbyPPpMz+FRFRuAFlWMtmgUWGe9UOG2Z25NqCwiIjRhOf5iKGuzSe5P2w1laq+FkRy4p+PCuVkJSGkzTEKVw=="
    }
  },
  "dependencies": {
    "docviewhelper": {
      "version": "0.0.1",
      "resolved": "https://registry.npmjs.org/docviewhelper/-/docviewhelper-0.0.1.tgz",
      "integrity": "sha512-tPIhveeYVZ3nQsg8qXuV7WUwx8w9iNR53iBQtRdZ0zQbbyHiIDgQfmVxvQTC7FrVsIiaIxQ2QYEUcb9wcYhBNQ=="
    },
    "ngx-doc-viewer": {
      "version": "14.0.0",
      "resolved": "https://registry.npmjs.org/ngx-doc-viewer/-/ngx-doc-viewer-14.0.0.tgz",
      "integrity": "sha512-obKoFk8jqbIRs4PkjJIPpAPORtGRh/qikwTwaCYfJzV2FkZ8lx1lCrKCclmQjdmvG90nTp7XGK2YxcH2WWIAMA==",
      "requires": {
        "docviewhelper": ">= 0.0.1",
        "tslib": "^2.3.0"
      }
    },
    "tslib": {
      "version": "2.3.1",
      "resolved": "https://registry.npmjs.org/tslib/-/tslib-2.3.1.tgz",
      "integrity": "sha512-77EbyPPpMz+FRFRuAFlWMtmgUWGe9UOG2Z25NqCwiIjRhOf5iKGuzSe5P2w1laq+FkRy4p+PCuVkJSGkzTEKVw=="
    }
  }
}
